
Microsoft Visual Studio Solution File, Format Version 12.00
# Visual Studio Version 17
VisualStudioVersion = 17.7.34024.191
MinimumVisualStudioVersion = 10.0.40219.1
Project("{FAE04EC0-301F-11D3-BF4B-00C04F79EFBC}") = "Tarea2DA", "Tarea2DA\Tarea2DA.csproj", "{77B5094D-3069-4A7D-A4E8-326B7C0D76E1}"
EndProject
Global
	GlobalSection(SolutionConfigurationPlatforms) = preSolution
		Debug|Any CPU = Debug|Any CPU
		Release|Any CPU = Release|Any CPU
	EndGlobalSection
	GlobalSection(ProjectConfigurationPlatforms) = postSolution
		{77B5094D-3069-4A7D-A4E8-326B7C0D76E1}.Debug|Any CPU.ActiveCfg = Debug|Any CPU
		{77B5094D-3069-4A7D-A4E8-326B7C0D76E1}.Debug|Any CPU.Build.0 = Debug|Any CPU
		{77B5094D-3069-4A7D-A4E8-326B7C0D76E1}.Release|Any CPU.ActiveCfg = Release|Any CPU
		{77B5094D-3069-4A7D-A4E8-326B7C0D76E1}.Release|Any CPU.Build.0 = Release|Any CPU
	EndGlobalSection
	GlobalSection(SolutionProperties) = preSolution
		HideSolutionNode = FALSE
	EndGlobalSection
	GlobalSection(ExtensibilityGlobals) = postSolution
		SolutionGuid = {5D6073B4-34B6-4430-8BE0-1F415A261706}
	EndGlobalSection
EndGlobal
